
Microsoft Visual Studio Solution File, Format Version 12.00
# Visual Studio Version 17
VisualStudioVersion = 17.13.35825.156
MinimumVisualStudioVersion = 10.0.40219.1
Project("{2150E333-8FDC-42A3-9474-1A3956D46DE8}") = "src", "src", "{02EA681E-C7D8-13C7-8484-4AC65E1B71E8}"
EndProject
Project("{2150E333-8FDC-42A3-9474-1A3956D46DE8}") = "BuildingBlocks", "BuildingBlocks", "{526CDF5A-700B-49CC-A109-A8A4DBB53EED}"
EndProject
Project("{2150E333-8FDC-42A3-9474-1A3956D46DE8}") = "Services", "Services", "{DC5DC220-3F5D-4937-95FD-58C39FBEB883}"
EndProject
Project("{2150E333-8FDC-42A3-9474-1A3956D46DE8}") = "ApiGateway", "ApiGateway", "{5272D84F-4EBF-4DDF-928F-637F94943B02}"
EndProject
Project("{FAE04EC0-301F-11D3-BF4B-00C04F79EFBC}") = "Shared", "Shared\Shared.csproj", "{C17316D4-6112-4D48-9481-141052C3B575}"
EndProject
Project("{2150E333-8FDC-42A3-9474-1A3956D46DE8}") = "IdentityService", "IdentityService", "{898E091B-173B-4DF1-A2D4-72DDED045353}"
EndProject
Project("{FAE04EC0-301F-11D3-BF4B-00C04F79EFBC}") = "IdentityService.Domain", "IdentityService.Domain\IdentityService.Domain.csproj", "{6FAE7D68-3AA9-4349-95E8-165D8BE1A61D}"
EndProject
Project("{FAE04EC0-301F-11D3-BF4B-00C04F79EFBC}") = "IdentityService.Application", "IdentityService.Application\IdentityService.Application.csproj", "{13606FEB-7335-4757-80CB-445E8A7D48C2}"
EndProject
Project("{FAE04EC0-301F-11D3-BF4B-00C04F79EFBC}") = "IdentityService.Infrastructure", "IdentityService.Infrastructure\IdentityService.Infrastructure.csproj", "{9FC9D104-17E0-4F37-91C7-14C0E238C8D7}"
EndProject
Project("{FAE04EC0-301F-11D3-BF4B-00C04F79EFBC}") = "IdentityService.WebApi", "IdentityService.WebApi\IdentityService.WebApi.csproj", "{C7065A00-A0BD-4534-AE93-93FFCD7A86F4}"
EndProject
Project("{2150E333-8FDC-42A3-9474-1A3956D46DE8}") = "CatalogService", "CatalogService", "{30C46790-FAC8-4B19-8A4D-A1736D97B6C0}"
EndProject
Project("{2150E333-8FDC-42A3-9474-1A3956D46DE8}") = "BasketService", "BasketService", "{4C0D93B5-078F-4F37-874C-1014505DA8CC}"
EndProject
Project("{2150E333-8FDC-42A3-9474-1A3956D46DE8}") = "OrderingService", "OrderingService", "{D82EC178-2962-455C-87F8-178C7A4FE35A}"
EndProject
Project("{2150E333-8FDC-42A3-9474-1A3956D46DE8}") = "PaymentService", "PaymentService", "{AEA2E71A-FA91-42E4-BAB5-C96A4905483B}"
EndProject
Project("{2150E333-8FDC-42A3-9474-1A3956D46DE8}") = "NotificationService", "NotificationService", "{EB6D1CB1-E4B4-4D2F-82E4-8D32E8E1BC54}"
EndProject
Project("{2150E333-8FDC-42A3-9474-1A3956D46DE8}") = "SearchService", "SearchService", "{71E2602B-6F86-482E-8F27-4431BA258F07}"
EndProject
Project("{FAE04EC0-301F-11D3-BF4B-00C04F79EFBC}") = "BasketService.Domain", "BasketService.Domain\BasketService.Domain.csproj", "{702F9102-B88B-4E77-9E8E-76D3257127EB}"
EndProject
Project("{FAE04EC0-301F-11D3-BF4B-00C04F79EFBC}") = "BasketService.Application", "BasketService.Application\BasketService.Application.csproj", "{8A9362A4-AD59-4513-AFEF-FF1149679D4A}"
EndProject
Project("{FAE04EC0-301F-11D3-BF4B-00C04F79EFBC}") = "BasketService.Infrastructure", "BasketService.Infrastructure\BasketService.Infrastructure.csproj", "{F84E46B9-8354-40F1-802A-1E15B0C28235}"
EndProject
Project("{FAE04EC0-301F-11D3-BF4B-00C04F79EFBC}") = "BasketService.WebApi", "BasketService.WebApi\BasketService.WebApi.csproj", "{FC9E700B-E3D6-4E69-B7DE-077460617FBA}"
EndProject
Project("{FAE04EC0-301F-11D3-BF4B-00C04F79EFBC}") = "CatalogService.Domain", "CatalogService.Domain\CatalogService.Domain.csproj", "{0F67864A-56BC-4C7A-B8C2-BA591F9590EE}"
EndProject
Project("{FAE04EC0-301F-11D3-BF4B-00C04F79EFBC}") = "CatalogService.Application", "CatalogService.Application\CatalogService.Application.csproj", "{6B4E89E7-9B12-45C1-83D1-956DDAA7D5E7}"
EndProject
Project("{FAE04EC0-301F-11D3-BF4B-00C04F79EFBC}") = "CatalogService.Infrastructure", "CatalogService.Infrastructure\CatalogService.Infrastructure.csproj", "{D6954554-4C14-4FE3-A28B-774BB0C23AD4}"
EndProject
Project("{FAE04EC0-301F-11D3-BF4B-00C04F79EFBC}") = "CatalogService.WebApi", "CatalogService.WebApi\CatalogService.WebApi.csproj", "{D0A6A825-0D92-482A-9D3F-1C475D3C7AA2}"
EndProject
Project("{FAE04EC0-301F-11D3-BF4B-00C04F79EFBC}") = "Notification.Domain", "Notification.Domain\Notification.Domain.csproj", "{D9DBC7B7-9647-4F6A-8145-4C08631FE0C4}"
EndProject
Project("{FAE04EC0-301F-11D3-BF4B-00C04F79EFBC}") = "Notification.Application", "Notification.Application\Notification.Application.csproj", "{30098577-950B-4ED3-9087-113E9F0D2521}"
EndProject
Project("{FAE04EC0-301F-11D3-BF4B-00C04F79EFBC}") = "Notification.Infrastructure", "Notification.Infrastructure\Notification.Infrastructure.csproj", "{9C1D7AFC-8CF8-4B07-B562-FAE812BE4FEB}"
EndProject
Project("{FAE04EC0-301F-11D3-BF4B-00C04F79EFBC}") = "Notification.WebApi", "Notification.WebApi\Notification.WebApi.csproj", "{B34507F6-ED53-4C39-B632-A07522417D59}"
EndProject
Project("{FAE04EC0-301F-11D3-BF4B-00C04F79EFBC}") = "OrderingService.Domain", "OrderingService.Domain\OrderingService.Domain.csproj", "{E92ABAC2-CE66-464D-9B51-4B7B697D02B9}"
EndProject
Project("{FAE04EC0-301F-11D3-BF4B-00C04F79EFBC}") = "OrderingService.Application", "OrderingService.Application\OrderingService.Application.csproj", "{55831E83-FD5B-4CC7-AD8A-F7190E753A98}"
EndProject
Project("{FAE04EC0-301F-11D3-BF4B-00C04F79EFBC}") = "OrderingService.Infrastructure", "OrderingService.Infrastructure\OrderingService.Infrastructure.csproj", "{B97E44E6-B89B-44F7-8AF1-FEAED26B3F4F}"
EndProject
Project("{FAE04EC0-301F-11D3-BF4B-00C04F79EFBC}") = "OrderingService.WebApi", "OrderingService.WebApi\OrderingService.WebApi.csproj", "{84A659AB-27F8-422D-9A2D-4256BF8112FA}"
EndProject
Project("{FAE04EC0-301F-11D3-BF4B-00C04F79EFBC}") = "PaymentService.Domain", "PaymentService.Domain\PaymentService.Domain.csproj", "{BA778236-0710-491A-A478-EB56D0DFCBDA}"
EndProject
Project("{FAE04EC0-301F-11D3-BF4B-00C04F79EFBC}") = "PaymentService.Application", "PaymentService.Application\PaymentService.Application.csproj", "{4C6811EC-3DC0-4917-A318-64CE0D33E0A5}"
EndProject
Project("{FAE04EC0-301F-11D3-BF4B-00C04F79EFBC}") = "PaymentService.Infrastructure", "PaymentService.Infrastructure\PaymentService.Infrastructure.csproj", "{77815AE6-F9C8-426C-BFAD-5321F4F29415}"
EndProject
Project("{FAE04EC0-301F-11D3-BF4B-00C04F79EFBC}") = "PaymentService.WebApi", "PaymentService.WebApi\PaymentService.WebApi.csproj", "{5D1B8ED5-0C75-472C-B25E-F543256AA5FE}"
EndProject
Project("{FAE04EC0-301F-11D3-BF4B-00C04F79EFBC}") = "SearchService.WebApi", "SearchService.WebApi\SearchService.WebApi.csproj", "{2F2D1BDC-3D07-4E9B-82EE-1C9E2F3C69C8}"
EndProject
Project("{FAE04EC0-301F-11D3-BF4B-00C04F79EFBC}") = "SearchService.Domain", "SearchService.Domain\SearchService.Domain.csproj", "{A0C6437A-9B87-44FA-ABA2-F3AFD2BE2E6C}"
EndProject
Project("{FAE04EC0-301F-11D3-BF4B-00C04F79EFBC}") = "SearchService.Application", "SearchService.Application\SearchService.Application.csproj", "{6A92BB96-72D3-4F87-843D-5D7611AB4CD9}"
EndProject
Project("{FAE04EC0-301F-11D3-BF4B-00C04F79EFBC}") = "SearchService.Infrastructure", "SearchService.Infrastructure\SearchService.Infrastructure.csproj", "{4C558BB0-2AF8-464E-BEC6-FE10D3AEFCF4}"
EndProject
Project("{FAE04EC0-301F-11D3-BF4B-00C04F79EFBC}") = "ApiGateway", "ApiGateway\ApiGateway.csproj", "{9049DA3F-F1AE-46AC-BEA6-D309D30E3792}"
EndProject
Project("{2150E333-8FDC-42A3-9474-1A3956D46DE8}") = "deploy", "deploy", "{55F7D415-6BEC-4CA4-991B-A07DD63BEF18}"
	ProjectSection(SolutionItems) = preProject
		docker-compose.yml = docker-compose.yml
	EndProjectSection
EndProject
Project("{FAE04EC0-301F-11D3-BF4B-00C04F79EFBC}") = "Notifications", "Notifications\Notifications.csproj", "{6866790A-9DE9-49A5-829A-E22E9FC5A4A0}"
EndProject
Project("{FAE04EC0-301F-11D3-BF4B-00C04F79EFBC}") = "OrderingService.Contracts", "Contracts\OrderingService.Contracts.csproj", "{E38467FA-CAAA-4F9D-9023-E8E1EABA2300}"
EndProject
Project("{FAE04EC0-301F-11D3-BF4B-00C04F79EFBC}") = "PaymentService.Contracts", "PaymentService.Contracts\PaymentService.Contracts.csproj", "{31BB6993-492B-430B-8245-388AB349B57E}"
EndProject
Global
	GlobalSection(SolutionConfigurationPlatforms) = preSolution
		Debug|Any CPU = Debug|Any CPU
		Release|Any CPU = Release|Any CPU
	EndGlobalSection
	GlobalSection(ProjectConfigurationPlatforms) = postSolution
		{C17316D4-6112-4D48-9481-141052C3B575}.Debug|Any CPU.ActiveCfg = Debug|Any CPU
		{C17316D4-6112-4D48-9481-141052C3B575}.Debug|Any CPU.Build.0 = Debug|Any CPU
		{C17316D4-6112-4D48-9481-141052C3B575}.Release|Any CPU.ActiveCfg = Release|Any CPU
		{C17316D4-6112-4D48-9481-141052C3B575}.Release|Any CPU.Build.0 = Release|Any CPU
		{6FAE7D68-3AA9-4349-95E8-165D8BE1A61D}.Debug|Any CPU.ActiveCfg = Debug|Any CPU
		{6FAE7D68-3AA9-4349-95E8-165D8BE1A61D}.Debug|Any CPU.Build.0 = Debug|Any CPU
		{6FAE7D68-3AA9-4349-95E8-165D8BE1A61D}.Release|Any CPU.ActiveCfg = Release|Any CPU
		{6FAE7D68-3AA9-4349-95E8-165D8BE1A61D}.Release|Any CPU.Build.0 = Release|Any CPU
		{13606FEB-7335-4757-80CB-445E8A7D48C2}.Debug|Any CPU.ActiveCfg = Debug|Any CPU
		{13606FEB-7335-4757-80CB-445E8A7D48C2}.Debug|Any CPU.Build.0 = Debug|Any CPU
		{13606FEB-7335-4757-80CB-445E8A7D48C2}.Release|Any CPU.ActiveCfg = Release|Any CPU
		{13606FEB-7335-4757-80CB-445E8A7D48C2}.Release|Any CPU.Build.0 = Release|Any CPU
		{9FC9D104-17E0-4F37-91C7-14C0E238C8D7}.Debug|Any CPU.ActiveCfg = Debug|Any CPU
		{9FC9D104-17E0-4F37-91C7-14C0E238C8D7}.Debug|Any CPU.Build.0 = Debug|Any CPU
		{9FC9D104-17E0-4F37-91C7-14C0E238C8D7}.Release|Any CPU.ActiveCfg = Release|Any CPU
		{9FC9D104-17E0-4F37-91C7-14C0E238C8D7}.Release|Any CPU.Build.0 = Release|Any CPU
		{C7065A00-A0BD-4534-AE93-93FFCD7A86F4}.Debug|Any CPU.ActiveCfg = Debug|Any CPU
		{C7065A00-A0BD-4534-AE93-93FFCD7A86F4}.Debug|Any CPU.Build.0 = Debug|Any CPU
		{C7065A00-A0BD-4534-AE93-93FFCD7A86F4}.Release|Any CPU.ActiveCfg = Release|Any CPU
		{C7065A00-A0BD-4534-AE93-93FFCD7A86F4}.Release|Any CPU.Build.0 = Release|Any CPU
		{702F9102-B88B-4E77-9E8E-76D3257127EB}.Debug|Any CPU.ActiveCfg = Debug|Any CPU
		{702F9102-B88B-4E77-9E8E-76D3257127EB}.Debug|Any CPU.Build.0 = Debug|Any CPU
		{702F9102-B88B-4E77-9E8E-76D3257127EB}.Release|Any CPU.ActiveCfg = Release|Any CPU
		{702F9102-B88B-4E77-9E8E-76D3257127EB}.Release|Any CPU.Build.0 = Release|Any CPU
		{8A9362A4-AD59-4513-AFEF-FF1149679D4A}.Debug|Any CPU.ActiveCfg = Debug|Any CPU
		{8A9362A4-AD59-4513-AFEF-FF1149679D4A}.Debug|Any CPU.Build.0 = Debug|Any CPU
		{8A9362A4-AD59-4513-AFEF-FF1149679D4A}.Release|Any CPU.ActiveCfg = Release|Any CPU
		{8A9362A4-AD59-4513-AFEF-FF1149679D4A}.Release|Any CPU.Build.0 = Release|Any CPU
		{F84E46B9-8354-40F1-802A-1E15B0C28235}.Debug|Any CPU.ActiveCfg = Debug|Any CPU
		{F84E46B9-8354-40F1-802A-1E15B0C28235}.Debug|Any CPU.Build.0 = Debug|Any CPU
		{F84E46B9-8354-40F1-802A-1E15B0C28235}.Release|Any CPU.ActiveCfg = Release|Any CPU
		{F84E46B9-8354-40F1-802A-1E15B0C28235}.Release|Any CPU.Build.0 = Release|Any CPU
		{FC9E700B-E3D6-4E69-B7DE-077460617FBA}.Debug|Any CPU.ActiveCfg = Debug|Any CPU
		{FC9E700B-E3D6-4E69-B7DE-077460617FBA}.Debug|Any CPU.Build.0 = Debug|Any CPU
		{FC9E700B-E3D6-4E69-B7DE-077460617FBA}.Release|Any CPU.ActiveCfg = Release|Any CPU
		{FC9E700B-E3D6-4E69-B7DE-077460617FBA}.Release|Any CPU.Build.0 = Release|Any CPU
		{0F67864A-56BC-4C7A-B8C2-BA591F9590EE}.Debug|Any CPU.ActiveCfg = Debug|Any CPU
		{0F67864A-56BC-4C7A-B8C2-BA591F9590EE}.Debug|Any CPU.Build.0 = Debug|Any CPU
		{0F67864A-56BC-4C7A-B8C2-BA591F9590EE}.Release|Any CPU.ActiveCfg = Release|Any CPU
		{0F67864A-56BC-4C7A-B8C2-BA591F9590EE}.Release|Any CPU.Build.0 = Release|Any CPU
		{6B4E89E7-9B12-45C1-83D1-956DDAA7D5E7}.Debug|Any CPU.ActiveCfg = Debug|Any CPU
		{6B4E89E7-9B12-45C1-83D1-956DDAA7D5E7}.Debug|Any CPU.Build.0 = Debug|Any CPU
		{6B4E89E7-9B12-45C1-83D1-956DDAA7D5E7}.Release|Any CPU.ActiveCfg = Release|Any CPU
		{6B4E89E7-9B12-45C1-83D1-956DDAA7D5E7}.Release|Any CPU.Build.0 = Release|Any CPU
		{D6954554-4C14-4FE3-A28B-774BB0C23AD4}.Debug|Any CPU.ActiveCfg = Debug|Any CPU
		{D6954554-4C14-4FE3-A28B-774BB0C23AD4}.Debug|Any CPU.Build.0 = Debug|Any CPU
		{D6954554-4C14-4FE3-A28B-774BB0C23AD4}.Release|Any CPU.ActiveCfg = Release|Any CPU
		{D6954554-4C14-4FE3-A28B-774BB0C23AD4}.Release|Any CPU.Build.0 = Release|Any CPU
		{D0A6A825-0D92-482A-9D3F-1C475D3C7AA2}.Debug|Any CPU.ActiveCfg = Debug|Any CPU
		{D0A6A825-0D92-482A-9D3F-1C475D3C7AA2}.Debug|Any CPU.Build.0 = Debug|Any CPU
		{D0A6A825-0D92-482A-9D3F-1C475D3C7AA2}.Release|Any CPU.ActiveCfg = Release|Any CPU
		{D0A6A825-0D92-482A-9D3F-1C475D3C7AA2}.Release|Any CPU.Build.0 = Release|Any CPU
		{D9DBC7B7-9647-4F6A-8145-4C08631FE0C4}.Debug|Any CPU.ActiveCfg = Debug|Any CPU
		{D9DBC7B7-9647-4F6A-8145-4C08631FE0C4}.Debug|Any CPU.Build.0 = Debug|Any CPU
		{D9DBC7B7-9647-4F6A-8145-4C08631FE0C4}.Release|Any CPU.ActiveCfg = Release|Any CPU
		{D9DBC7B7-9647-4F6A-8145-4C08631FE0C4}.Release|Any CPU.Build.0 = Release|Any CPU
		{30098577-950B-4ED3-9087-113E9F0D2521}.Debug|Any CPU.ActiveCfg = Debug|Any CPU
		{30098577-950B-4ED3-9087-113E9F0D2521}.Debug|Any CPU.Build.0 = Debug|Any CPU
		{30098577-950B-4ED3-9087-113E9F0D2521}.Release|Any CPU.ActiveCfg = Release|Any CPU
		{30098577-950B-4ED3-9087-113E9F0D2521}.Release|Any CPU.Build.0 = Release|Any CPU
		{9C1D7AFC-8CF8-4B07-B562-FAE812BE4FEB}.Debug|Any CPU.ActiveCfg = Debug|Any CPU
		{9C1D7AFC-8CF8-4B07-B562-FAE812BE4FEB}.Debug|Any CPU.Build.0 = Debug|Any CPU
		{9C1D7AFC-8CF8-4B07-B562-FAE812BE4FEB}.Release|Any CPU.ActiveCfg = Release|Any CPU
		{9C1D7AFC-8CF8-4B07-B562-FAE812BE4FEB}.Release|Any CPU.Build.0 = Release|Any CPU
		{B34507F6-ED53-4C39-B632-A07522417D59}.Debug|Any CPU.ActiveCfg = Debug|Any CPU
		{B34507F6-ED53-4C39-B632-A07522417D59}.Debug|Any CPU.Build.0 = Debug|Any CPU
		{B34507F6-ED53-4C39-B632-A07522417D59}.Release|Any CPU.ActiveCfg = Release|Any CPU
		{B34507F6-ED53-4C39-B632-A07522417D59}.Release|Any CPU.Build.0 = Release|Any CPU
		{E92ABAC2-CE66-464D-9B51-4B7B697D02B9}.Debug|Any CPU.ActiveCfg = Debug|Any CPU
		{E92ABAC2-CE66-464D-9B51-4B7B697D02B9}.Debug|Any CPU.Build.0 = Debug|Any CPU
		{E92ABAC2-CE66-464D-9B51-4B7B697D02B9}.Release|Any CPU.ActiveCfg = Release|Any CPU
		{E92ABAC2-CE66-464D-9B51-4B7B697D02B9}.Release|Any CPU.Build.0 = Release|Any CPU
		{55831E83-FD5B-4CC7-AD8A-F7190E753A98}.Debug|Any CPU.ActiveCfg = Debug|Any CPU
		{55831E83-FD5B-4CC7-AD8A-F7190E753A98}.Debug|Any CPU.Build.0 = Debug|Any CPU
		{55831E83-FD5B-4CC7-AD8A-F7190E753A98}.Release|Any CPU.ActiveCfg = Release|Any CPU
		{55831E83-FD5B-4CC7-AD8A-F7190E753A98}.Release|Any CPU.Build.0 = Release|Any CPU
		{B97E44E6-B89B-44F7-8AF1-FEAED26B3F4F}.Debug|Any CPU.ActiveCfg = Debug|Any CPU
		{B97E44E6-B89B-44F7-8AF1-FEAED26B3F4F}.Debug|Any CPU.Build.0 = Debug|Any CPU
		{B97E44E6-B89B-44F7-8AF1-FEAED26B3F4F}.Release|Any CPU.ActiveCfg = Release|Any CPU
		{B97E44E6-B89B-44F7-8AF1-FEAED26B3F4F}.Release|Any CPU.Build.0 = Release|Any CPU
		{84A659AB-27F8-422D-9A2D-4256BF8112FA}.Debug|Any CPU.ActiveCfg = Debug|Any CPU
		{84A659AB-27F8-422D-9A2D-4256BF8112FA}.Debug|Any CPU.Build.0 = Debug|Any CPU
		{84A659AB-27F8-422D-9A2D-4256BF8112FA}.Release|Any CPU.ActiveCfg = Release|Any CPU
		{84A659AB-27F8-422D-9A2D-4256BF8112FA}.Release|Any CPU.Build.0 = Release|Any CPU
		{BA778236-0710-491A-A478-EB56D0DFCBDA}.Debug|Any CPU.ActiveCfg = Debug|Any CPU
		{BA778236-0710-491A-A478-EB56D0DFCBDA}.Debug|Any CPU.Build.0 = Debug|Any CPU
		{BA778236-0710-491A-A478-EB56D0DFCBDA}.Release|Any CPU.ActiveCfg = Release|Any CPU
		{BA778236-0710-491A-A478-EB56D0DFCBDA}.Release|Any CPU.Build.0 = Release|Any CPU
		{4C6811EC-3DC0-4917-A318-64CE0D33E0A5}.Debug|Any CPU.ActiveCfg = Debug|Any CPU
		{4C6811EC-3DC0-4917-A318-64CE0D33E0A5}.Debug|Any CPU.Build.0 = Debug|Any CPU
		{4C6811EC-3DC0-4917-A318-64CE0D33E0A5}.Release|Any CPU.ActiveCfg = Release|Any CPU
		{4C6811EC-3DC0-4917-A318-64CE0D33E0A5}.Release|Any CPU.Build.0 = Release|Any CPU
		{77815AE6-F9C8-426C-BFAD-5321F4F29415}.Debug|Any CPU.ActiveCfg = Debug|Any CPU
		{77815AE6-F9C8-426C-BFAD-5321F4F29415}.Debug|Any CPU.Build.0 = Debug|Any CPU
		{77815AE6-F9C8-426C-BFAD-5321F4F29415}.Release|Any CPU.ActiveCfg = Release|Any CPU
		{77815AE6-F9C8-426C-BFAD-5321F4F29415}.Release|Any CPU.Build.0 = Release|Any CPU
		{5D1B8ED5-0C75-472C-B25E-F543256AA5FE}.Debug|Any CPU.ActiveCfg = Debug|Any CPU
		{5D1B8ED5-0C75-472C-B25E-F543256AA5FE}.Debug|Any CPU.Build.0 = Debug|Any CPU
		{5D1B8ED5-0C75-472C-B25E-F543256AA5FE}.Release|Any CPU.ActiveCfg = Release|Any CPU
		{5D1B8ED5-0C75-472C-B25E-F543256AA5FE}.Release|Any CPU.Build.0 = Release|Any CPU
		{2F2D1BDC-3D07-4E9B-82EE-1C9E2F3C69C8}.Debug|Any CPU.ActiveCfg = Debug|Any CPU
		{2F2D1BDC-3D07-4E9B-82EE-1C9E2F3C69C8}.Debug|Any CPU.Build.0 = Debug|Any CPU
		{2F2D1BDC-3D07-4E9B-82EE-1C9E2F3C69C8}.Release|Any CPU.ActiveCfg = Release|Any CPU
		{2F2D1BDC-3D07-4E9B-82EE-1C9E2F3C69C8}.Release|Any CPU.Build.0 = Release|Any CPU
		{A0C6437A-9B87-44FA-ABA2-F3AFD2BE2E6C}.Debug|Any CPU.ActiveCfg = Debug|Any CPU
		{A0C6437A-9B87-44FA-ABA2-F3AFD2BE2E6C}.Debug|Any CPU.Build.0 = Debug|Any CPU
		{A0C6437A-9B87-44FA-ABA2-F3AFD2BE2E6C}.Release|Any CPU.ActiveCfg = Release|Any CPU
		{A0C6437A-9B87-44FA-ABA2-F3AFD2BE2E6C}.Release|Any CPU.Build.0 = Release|Any CPU
		{6A92BB96-72D3-4F87-843D-5D7611AB4CD9}.Debug|Any CPU.ActiveCfg = Debug|Any CPU
		{6A92BB96-72D3-4F87-843D-5D7611AB4CD9}.Debug|Any CPU.Build.0 = Debug|Any CPU
		{6A92BB96-72D3-4F87-843D-5D7611AB4CD9}.Release|Any CPU.ActiveCfg = Release|Any CPU
		{6A92BB96-72D3-4F87-843D-5D7611AB4CD9}.Release|Any CPU.Build.0 = Release|Any CPU
		{4C558BB0-2AF8-464E-BEC6-FE10D3AEFCF4}.Debug|Any CPU.ActiveCfg = Debug|Any CPU
		{4C558BB0-2AF8-464E-BEC6-FE10D3AEFCF4}.Debug|Any CPU.Build.0 = Debug|Any CPU
		{4C558BB0-2AF8-464E-BEC6-FE10D3AEFCF4}.Release|Any CPU.ActiveCfg = Release|Any CPU
		{4C558BB0-2AF8-464E-BEC6-FE10D3AEFCF4}.Release|Any CPU.Build.0 = Release|Any CPU
		{9049DA3F-F1AE-46AC-BEA6-D309D30E3792}.Debug|Any CPU.ActiveCfg = Debug|Any CPU
		{9049DA3F-F1AE-46AC-BEA6-D309D30E3792}.Debug|Any CPU.Build.0 = Debug|Any CPU
		{9049DA3F-F1AE-46AC-BEA6-D309D30E3792}.Release|Any CPU.ActiveCfg = Release|Any CPU
		{9049DA3F-F1AE-46AC-BEA6-D309D30E3792}.Release|Any CPU.Build.0 = Release|Any CPU
		{6866790A-9DE9-49A5-829A-E22E9FC5A4A0}.Debug|Any CPU.ActiveCfg = Debug|Any CPU
		{6866790A-9DE9-49A5-829A-E22E9FC5A4A0}.Debug|Any CPU.Build.0 = Debug|Any CPU
		{6866790A-9DE9-49A5-829A-E22E9FC5A4A0}.Release|Any CPU.ActiveCfg = Release|Any CPU
		{6866790A-9DE9-49A5-829A-E22E9FC5A4A0}.Release|Any CPU.Build.0 = Release|Any CPU
		{E38467FA-CAAA-4F9D-9023-E8E1EABA2300}.Debug|Any CPU.ActiveCfg = Debug|Any CPU
		{E38467FA-CAAA-4F9D-9023-E8E1EABA2300}.Debug|Any CPU.Build.0 = Debug|Any CPU
		{E38467FA-CAAA-4F9D-9023-E8E1EABA2300}.Release|Any CPU.ActiveCfg = Release|Any CPU
		{E38467FA-CAAA-4F9D-9023-E8E1EABA2300}.Release|Any CPU.Build.0 = Release|Any CPU
		{31BB6993-492B-430B-8245-388AB349B57E}.Debug|Any CPU.ActiveCfg = Debug|Any CPU
		{31BB6993-492B-430B-8245-388AB349B57E}.Debug|Any CPU.Build.0 = Debug|Any CPU
		{31BB6993-492B-430B-8245-388AB349B57E}.Release|Any CPU.ActiveCfg = Release|Any CPU
		{31BB6993-492B-430B-8245-388AB349B57E}.Release|Any CPU.Build.0 = Release|Any CPU
	EndGlobalSection
	GlobalSection(SolutionProperties) = preSolution
		HideSolutionNode = FALSE
	EndGlobalSection
	GlobalSection(NestedProjects) = preSolution
		{526CDF5A-700B-49CC-A109-A8A4DBB53EED} = {02EA681E-C7D8-13C7-8484-4AC65E1B71E8}
		{DC5DC220-3F5D-4937-95FD-58C39FBEB883} = {02EA681E-C7D8-13C7-8484-4AC65E1B71E8}
		{5272D84F-4EBF-4DDF-928F-637F94943B02} = {02EA681E-C7D8-13C7-8484-4AC65E1B71E8}
		{C17316D4-6112-4D48-9481-141052C3B575} = {526CDF5A-700B-49CC-A109-A8A4DBB53EED}
		{898E091B-173B-4DF1-A2D4-72DDED045353} = {DC5DC220-3F5D-4937-95FD-58C39FBEB883}
		{6FAE7D68-3AA9-4349-95E8-165D8BE1A61D} = {898E091B-173B-4DF1-A2D4-72DDED045353}
		{13606FEB-7335-4757-80CB-445E8A7D48C2} = {898E091B-173B-4DF1-A2D4-72DDED045353}
		{9FC9D104-17E0-4F37-91C7-14C0E238C8D7} = {898E091B-173B-4DF1-A2D4-72DDED045353}
		{C7065A00-A0BD-4534-AE93-93FFCD7A86F4} = {898E091B-173B-4DF1-A2D4-72DDED045353}
		{30C46790-FAC8-4B19-8A4D-A1736D97B6C0} = {DC5DC220-3F5D-4937-95FD-58C39FBEB883}
		{4C0D93B5-078F-4F37-874C-1014505DA8CC} = {DC5DC220-3F5D-4937-95FD-58C39FBEB883}
		{D82EC178-2962-455C-87F8-178C7A4FE35A} = {DC5DC220-3F5D-4937-95FD-58C39FBEB883}
		{AEA2E71A-FA91-42E4-BAB5-C96A4905483B} = {DC5DC220-3F5D-4937-95FD-58C39FBEB883}
		{EB6D1CB1-E4B4-4D2F-82E4-8D32E8E1BC54} = {DC5DC220-3F5D-4937-95FD-58C39FBEB883}
		{71E2602B-6F86-482E-8F27-4431BA258F07} = {DC5DC220-3F5D-4937-95FD-58C39FBEB883}
		{702F9102-B88B-4E77-9E8E-76D3257127EB} = {4C0D93B5-078F-4F37-874C-1014505DA8CC}
		{8A9362A4-AD59-4513-AFEF-FF1149679D4A} = {4C0D93B5-078F-4F37-874C-1014505DA8CC}
		{F84E46B9-8354-40F1-802A-1E15B0C28235} = {4C0D93B5-078F-4F37-874C-1014505DA8CC}
		{FC9E700B-E3D6-4E69-B7DE-077460617FBA} = {4C0D93B5-078F-4F37-874C-1014505DA8CC}
		{0F67864A-56BC-4C7A-B8C2-BA591F9590EE} = {30C46790-FAC8-4B19-8A4D-A1736D97B6C0}
		{6B4E89E7-9B12-45C1-83D1-956DDAA7D5E7} = {30C46790-FAC8-4B19-8A4D-A1736D97B6C0}
		{D6954554-4C14-4FE3-A28B-774BB0C23AD4} = {30C46790-FAC8-4B19-8A4D-A1736D97B6C0}
		{D0A6A825-0D92-482A-9D3F-1C475D3C7AA2} = {30C46790-FAC8-4B19-8A4D-A1736D97B6C0}
		{D9DBC7B7-9647-4F6A-8145-4C08631FE0C4} = {EB6D1CB1-E4B4-4D2F-82E4-8D32E8E1BC54}
		{30098577-950B-4ED3-9087-113E9F0D2521} = {EB6D1CB1-E4B4-4D2F-82E4-8D32E8E1BC54}
		{9C1D7AFC-8CF8-4B07-B562-FAE812BE4FEB} = {EB6D1CB1-E4B4-4D2F-82E4-8D32E8E1BC54}
		{B34507F6-ED53-4C39-B632-A07522417D59} = {EB6D1CB1-E4B4-4D2F-82E4-8D32E8E1BC54}
		{E92ABAC2-CE66-464D-9B51-4B7B697D02B9} = {D82EC178-2962-455C-87F8-178C7A4FE35A}
		{55831E83-FD5B-4CC7-AD8A-F7190E753A98} = {D82EC178-2962-455C-87F8-178C7A4FE35A}
		{B97E44E6-B89B-44F7-8AF1-FEAED26B3F4F} = {D82EC178-2962-455C-87F8-178C7A4FE35A}
		{84A659AB-27F8-422D-9A2D-4256BF8112FA} = {D82EC178-2962-455C-87F8-178C7A4FE35A}
		{BA778236-0710-491A-A478-EB56D0DFCBDA} = {AEA2E71A-FA91-42E4-BAB5-C96A4905483B}
		{4C6811EC-3DC0-4917-A318-64CE0D33E0A5} = {AEA2E71A-FA91-42E4-BAB5-C96A4905483B}
		{77815AE6-F9C8-426C-BFAD-5321F4F29415} = {AEA2E71A-FA91-42E4-BAB5-C96A4905483B}
		{5D1B8ED5-0C75-472C-B25E-F543256AA5FE} = {AEA2E71A-FA91-42E4-BAB5-C96A4905483B}
		{2F2D1BDC-3D07-4E9B-82EE-1C9E2F3C69C8} = {71E2602B-6F86-482E-8F27-4431BA258F07}
		{A0C6437A-9B87-44FA-ABA2-F3AFD2BE2E6C} = {71E2602B-6F86-482E-8F27-4431BA258F07}
		{6A92BB96-72D3-4F87-843D-5D7611AB4CD9} = {71E2602B-6F86-482E-8F27-4431BA258F07}
		{4C558BB0-2AF8-464E-BEC6-FE10D3AEFCF4} = {71E2602B-6F86-482E-8F27-4431BA258F07}
		{9049DA3F-F1AE-46AC-BEA6-D309D30E3792} = {5272D84F-4EBF-4DDF-928F-637F94943B02}
		{55F7D415-6BEC-4CA4-991B-A07DD63BEF18} = {02EA681E-C7D8-13C7-8484-4AC65E1B71E8}
		{6866790A-9DE9-49A5-829A-E22E9FC5A4A0} = {526CDF5A-700B-49CC-A109-A8A4DBB53EED}
		{E38467FA-CAAA-4F9D-9023-E8E1EABA2300} = {D82EC178-2962-455C-87F8-178C7A4FE35A}
		{31BB6993-492B-430B-8245-388AB349B57E} = {AEA2E71A-FA91-42E4-BAB5-C96A4905483B}
	EndGlobalSection
	GlobalSection(ExtensibilityGlobals) = postSolution
		SolutionGuid = {D6264B33-74CC-48C9-B7DA-AA8AB12F18F8}
	EndGlobalSection
EndGlobal
